
Microsoft Visual Studio Solution File, Format Version 12.00
# Visual Studio Version 16
VisualStudioVersion = 16.0.30104.148
MinimumVisualStudioVersion = 10.0.40219.1
Project("{FAE04EC0-301F-11D3-BF4B-00C04F79EFBC}") = "DotNetSample", "DotNetSample.csproj", "{CD43DC48-B4B2-4BA0-A7AB-EF86CA71E733}"
EndProject
Global
	GlobalSection(SolutionConfigurationPlatforms) = preSolution
		Debug|Any CPU = Debug|Any CPU
		Release|Any CPU = Release|Any CPU
	EndGlobalSection
	GlobalSection(ProjectConfigurationPlatforms) = postSolution
		{CD43DC48-B4B2-4BA0-A7AB-EF86CA71E733}.Debug|Any CPU.ActiveCfg = Debug|Any CPU
		{CD43DC48-B4B2-4BA0-A7AB-EF86CA71E733}.Debug|Any CPU.Build.0 = Debug|Any CPU
		{CD43DC48-B4B2-4BA0-A7AB-EF86CA71E733}.Release|Any CPU.ActiveCfg = Release|Any CPU
		{CD43DC48-B4B2-4BA0-A7AB-EF86CA71E733}.Release|Any CPU.Build.0 = Release|Any CPU
	EndGlobalSection
	GlobalSection(SolutionProperties) = preSolution
		HideSolutionNode = FALSE
	EndGlobalSection
	GlobalSection(ExtensibilityGlobals) = postSolution
		SolutionGuid = {C7BBE6DC-34C9-4FB5-87F9-3B622863BBD3}
	EndGlobalSection
EndGlobal
